
Microsoft Visual Studio Solution File, Format Version 12.00
# Visual Studio 15
VisualStudioVersion = 15.0.27703.2026
MinimumVisualStudioVersion = 10.0.40219.1
Project("{8BC9CEB8-8B4A-11D0-8D11-00A0C91BC942}") = "Core", "Core\Core.vcxproj", "{7E45FBF3-2F53-4786-B4C4-108B78F230CB}"
	ProjectSection(ProjectDependencies) = postProject
		{3190C724-C473-4AA2-911F-AB1289140B28} = {3190C724-C473-4AA2-911F-AB1289140B28}
		{AB512D53-3E44-4E90-B591-C281FD568B1E} = {AB512D53-3E44-4E90-B591-C281FD568B1E}
		{66DC2779-B08B-41D7-99EA-2E16FE0DFB1C} = {66DC2779-B08B-41D7-99EA-2E16FE0DFB1C}
		{F68342AE-9B3F-4500-8D10-14BEBF10FE72} = {F68342AE-9B3F-4500-8D10-14BEBF10FE72}
	EndProjectSection
EndProject
Project("{8BC9CEB8-8B4A-11D0-8D11-00A0C91BC942}") = "TestSystem", "TestSystem\TestSystem.vcxproj", "{AB512D53-3E44-4E90-B591-C281FD568B1E}"
	ProjectSection(ProjectDependencies) = postProject
		{F68342AE-9B3F-4500-8D10-14BEBF10FE72} = {F68342AE-9B3F-4500-8D10-14BEBF10FE72}
	EndProjectSection
EndProject
Project("{8BC9CEB8-8B4A-11D0-8D11-00A0C91BC942}") = "InputSystem", "InputSystem\InputSystem.vcxproj", "{66DC2779-B08B-41D7-99EA-2E16FE0DFB1C}"
	ProjectSection(ProjectDependencies) = postProject
		{F68342AE-9B3F-4500-8D10-14BEBF10FE72} = {F68342AE-9B3F-4500-8D10-14BEBF10FE72}
	EndProjectSection
EndProject
Project("{8BC9CEB8-8B4A-11D0-8D11-00A0C91BC942}") = "MessageClient", "MessageClient\MessageClient.vcxproj", "{F68342AE-9B3F-4500-8D10-14BEBF10FE72}"
EndProject
Project("{8BC9CEB8-8B4A-11D0-8D11-00A0C91BC942}") = "LogicSyatem", "LogicSyatem\LogicSyatem.vcxproj", "{3190C724-C473-4AA2-911F-AB1289140B28}"
	ProjectSection(ProjectDependencies) = postProject
		{F68342AE-9B3F-4500-8D10-14BEBF10FE72} = {F68342AE-9B3F-4500-8D10-14BEBF10FE72}
	EndProjectSection
EndProject
Global
	GlobalSection(SolutionConfigurationPlatforms) = preSolution
		Debug|x64 = Debug|x64
		Debug|x86 = Debug|x86
		Release|x64 = Release|x64
		Release|x86 = Release|x86
	EndGlobalSection
	GlobalSection(ProjectConfigurationPlatforms) = postSolution
		{7E45FBF3-2F53-4786-B4C4-108B78F230CB}.Debug|x64.ActiveCfg = Debug|x64
		{7E45FBF3-2F53-4786-B4C4-108B78F230CB}.Debug|x64.Build.0 = Debug|x64
		{7E45FBF3-2F53-4786-B4C4-108B78F230CB}.Debug|x86.ActiveCfg = Debug|Win32
		{7E45FBF3-2F53-4786-B4C4-108B78F230CB}.Debug|x86.Build.0 = Debug|Win32
		{7E45FBF3-2F53-4786-B4C4-108B78F230CB}.Release|x64.ActiveCfg = Release|x64
		{7E45FBF3-2F53-4786-B4C4-108B78F230CB}.Release|x64.Build.0 = Release|x64
		{7E45FBF3-2F53-4786-B4C4-108B78F230CB}.Release|x86.ActiveCfg = Release|Win32
		{7E45FBF3-2F53-4786-B4C4-108B78F230CB}.Release|x86.Build.0 = Release|Win32
		{AB512D53-3E44-4E90-B591-C281FD568B1E}.Debug|x64.ActiveCfg = Debug|x64
		{AB512D53-3E44-4E90-B591-C281FD568B1E}.Debug|x64.Build.0 = Debug|x64
		{AB512D53-3E44-4E90-B591-C281FD568B1E}.Debug|x86.ActiveCfg = Debug|Win32
		{AB512D53-3E44-4E90-B591-C281FD568B1E}.Debug|x86.Build.0 = Debug|Win32
		{AB512D53-3E44-4E90-B591-C281FD568B1E}.Release|x64.ActiveCfg = Release|x64
		{AB512D53-3E44-4E90-B591-C281FD568B1E}.Release|x64.Build.0 = Release|x64
		{AB512D53-3E44-4E90-B591-C281FD568B1E}.Release|x86.ActiveCfg = Release|Win32
		{AB512D53-3E44-4E90-B591-C281FD568B1E}.Release|x86.Build.0 = Release|Win32
		{66DC2779-B08B-41D7-99EA-2E16FE0DFB1C}.Debug|x64.ActiveCfg = Debug|x64
		{66DC2779-B08B-41D7-99EA-2E16FE0DFB1C}.Debug|x64.Build.0 = Debug|x64
		{66DC2779-B08B-41D7-99EA-2E16FE0DFB1C}.Debug|x86.ActiveCfg = Debug|Win32
		{66DC2779-B08B-41D7-99EA-2E16FE0DFB1C}.Debug|x86.Build.0 = Debug|Win32
		{66DC2779-B08B-41D7-99EA-2E16FE0DFB1C}.Release|x64.ActiveCfg = Release|x64
		{66DC2779-B08B-41D7-99EA-2E16FE0DFB1C}.Release|x64.Build.0 = Release|x64
		{66DC2779-B08B-41D7-99EA-2E16FE0DFB1C}.Release|x86.ActiveCfg = Release|Win32
		{66DC2779-B08B-41D7-99EA-2E16FE0DFB1C}.Release|x86.Build.0 = Release|Win32
		{F68342AE-9B3F-4500-8D10-14BEBF10FE72}.Debug|x64.ActiveCfg = Debug|x64
		{F68342AE-9B3F-4500-8D10-14BEBF10FE72}.Debug|x64.Build.0 = Debug|x64
		{F68342AE-9B3F-4500-8D10-14BEBF10FE72}.Debug|x86.ActiveCfg = Debug|Win32
		{F68342AE-9B3F-4500-8D10-14BEBF10FE72}.Debug|x86.Build.0 = Debug|Win32
		{F68342AE-9B3F-4500-8D10-14BEBF10FE72}.Release|x64.ActiveCfg = Release|x64
		{F68342AE-9B3F-4500-8D10-14BEBF10FE72}.Release|x64.Build.0 = Release|x64
		{F68342AE-9B3F-4500-8D10-14BEBF10FE72}.Release|x86.ActiveCfg = Release|Win32
		{F68342AE-9B3F-4500-8D10-14BEBF10FE72}.Release|x86.Build.0 = Release|Win32
		{3190C724-C473-4AA2-911F-AB1289140B28}.Debug|x64.ActiveCfg = Debug|x64
		{3190C724-C473-4AA2-911F-AB1289140B28}.Debug|x64.Build.0 = Debug|x64
		{3190C724-C473-4AA2-911F-AB1289140B28}.Debug|x86.ActiveCfg = Debug|Win32
		{3190C724-C473-4AA2-911F-AB1289140B28}.Debug|x86.Build.0 = Debug|Win32
		{3190C724-C473-4AA2-911F-AB1289140B28}.Release|x64.ActiveCfg = Release|x64
		{3190C724-C473-4AA2-911F-AB1289140B28}.Release|x64.Build.0 = Release|x64
		{3190C724-C473-4AA2-911F-AB1289140B28}.Release|x86.ActiveCfg = Release|Win32
		{3190C724-C473-4AA2-911F-AB1289140B28}.Release|x86.Build.0 = Release|Win32
	EndGlobalSection
	GlobalSection(SolutionProperties) = preSolution
		HideSolutionNode = FALSE
	EndGlobalSection
	GlobalSection(ExtensibilityGlobals) = postSolution
		SolutionGuid = {3ACECED5-B284-4EE9-BDDA-71B308772C52}
	EndGlobalSection
EndGlobal
