<?xml version="1.0" encoding="utf-8"?>
<Project ToolsVersion="4.0" xmlns="http://schemas.microsoft.com/developer/msbuild/2003">
  <ItemGroup>
    <Filter Include="Source Files">
      <UniqueIdentifier>{4FC737F1-C7A5-4376-A066-2A32D752A2FF}</UniqueIdentifier>
      <Extensions>cpp;c;cc;cxx;def;odl;idl;hpj;bat;asm;asmx</Extensions>
    </Filter>
    <Filter Include="Header Files">
      <UniqueIdentifier>{93995380-89BD-4b04-88EB-625FBE52EBFB}</UniqueIdentifier>
      <Extensions>h;hh;hpp;hxx;hm;inl;inc;ipp;xsd</Extensions>
    </Filter>
    <Filter Include="Resource Files">
      <UniqueIdentifier>{67DA6AB6-F800-4c08-8B7A-83BB121AAD01}</UniqueIdentifier>
      <Extensions>rc;ico;cur;bmp;dlg;rc2;rct;bin;rgs;gif;jpg;jpeg;jpe;resx;tiff;tif;png;wav;mfcribbon-ms</Extensions>
    </Filter>
    <Filter Include="Header Files\OSFramework">
      <UniqueIdentifier>{517a625f-d659-4d09-a1a9-956aca577afc}</UniqueIdentifier>
    </Filter>
    <Filter Include="Header Files\OSFramework\Interfaces">
      <UniqueIdentifier>{22e605f2-8dbe-465a-85ad-326bb70e789c}</UniqueIdentifier>
    </Filter>
    <Filter Include="Header Files\OSFramework\Windows">
      <UniqueIdentifier>{40fa65c3-6e76-4d31-8b04-64b1d8b90346}</UniqueIdentifier>
    </Filter>
    <Filter Include="Source Files\OSFramework">
      <UniqueIdentifier>{0850f39b-d910-4d53-9de2-7458d3870209}</UniqueIdentifier>
    </Filter>
    <Filter Include="Source Files\OSFramework\Windows">
      <UniqueIdentifier>{ab330fff-a627-44c6-afd4-d000e3eebe0c}</UniqueIdentifier>
    </Filter>
    <Filter Include="Header Files\Message Structures">
      <UniqueIdentifier>{3c1e585d-c5b6-4199-9e9f-f309ca9c9c81}</UniqueIdentifier>
    </Filter>
  </ItemGroup>
  <ItemGroup>
    <ClCompile Include="MessageBus.cpp">
      <Filter>Source Files</Filter>
    </ClCompile>
    <ClCompile Include="Core.cpp">
      <Filter>Source Files</Filter>
    </ClCompile>
    <ClCompile Include="WinMain.cpp">
      <Filter>Source Files\OSFramework\Windows</Filter>
    </ClCompile>
    <ClCompile Include="WindowsGLGraphicsSubSystem.cpp">
      <Filter>Source Files\OSFramework\Windows</Filter>
    </ClCompile>
    <ClCompile Include="WindowsInputSubSystem.cpp">
      <Filter>Source Files\OSFramework\Windows</Filter>
    </ClCompile>
    <ClCompile Include="WindowsOSFramework.cpp">
      <Filter>Source Files\OSFramework\Windows</Filter>
    </ClCompile>
    <ClCompile Include="GLExtensions.cpp">
      <Filter>Header Files</Filter>
    </ClCompile>
  </ItemGroup>
  <ItemGroup>
    <ClInclude Include="ThreadPool.h">
      <Filter>Header Files</Filter>
    </ClInclude>
    <ClInclude Include="MessageBus.h">
      <Filter>Header Files</Filter>
    </ClInclude>
    <ClInclude Include="Core.h">
      <Filter>Header Files</Filter>
    </ClInclude>
    <ClInclude Include="ErrorCode.h">
      <Filter>Header Files</Filter>
    </ClInclude>
    <ClInclude Include="OSFramework.h">
      <Filter>Header Files\OSFramework\Interfaces</Filter>
    </ClInclude>
    <ClInclude Include="OSGLGraphicsSubSystem.h">
      <Filter>Header Files\OSFramework\Interfaces</Filter>
    </ClInclude>
    <ClInclude Include="OSInputSubSystem.h">
      <Filter>Header Files\OSFramework\Interfaces</Filter>
    </ClInclude>
    <ClInclude Include="WindowsGLGraphicsSubSystem.h">
      <Filter>Header Files\OSFramework\Windows</Filter>
    </ClInclude>
    <ClInclude Include="WindowsInputSubSystem.h">
      <Filter>Header Files\OSFramework\Windows</Filter>
    </ClInclude>
    <ClInclude Include="WindowsOSFramework.h">
      <Filter>Header Files\OSFramework\Windows</Filter>
    </ClInclude>
    <ClInclude Include="InputEvent.h">
      <Filter>Header Files\Message Structures</Filter>
    </ClInclude>
    <ClInclude Include="OSMessages.h">
      <Filter>Header Files\Message Structures</Filter>
    </ClInclude>
    <ClInclude Include="WindowEvent.h">
      <Filter>Header Files\Message Structures</Filter>
    </ClInclude>
    <ClInclude Include="System.h">
      <Filter>Header Files</Filter>
    </ClInclude>
    <ClInclude Include="OpenGL.h">
      <Filter>Header Files</Filter>
    </ClInclude>
    <ClInclude Include="TickMessage.h">
      <Filter>Header Files\Message Structures</Filter>
    </ClInclude>
    <ClInclude Include="UserInputEvent.h">
      <Filter>Header Files\Message Structures</Filter>
    </ClInclude>
    <ClInclude Include="RenderMessage.h">
      <Filter>Header Files\Message Structures</Filter>
    </ClInclude>
  </ItemGroup>
</Project>